Microsoft Visual Studio Solution File, Format Version 11.00
# Visual Studio 2008

Project("{CB835175-6B07-4730-129A-6D76AB3973D0}") = "LeapMotion 1", "Assembly-CSharp.csproj", "{593F59D9-6766-33FF-D80A-48CA415199A8}"
EndProject
Project("{CB835175-6B07-4730-129A-6D76AB3973D0}") = "LeapMotion 1", "Assembly-CSharp-Editor.csproj", "{3786A88F-906E-EE42-11EB-08B77E2D3C1F}"
EndProject
Global
	GlobalSection(SolutionConfigurationPlatforms) = preSolution
		Debug|Any CPU = Debug|Any CPU
		Release|Any CPU = Release|Any CPU
	EndGlobalSection
	GlobalSection(ProjectConfigurationPlatforms) = postSolution
		{593F59D9-6766-33FF-D80A-48CA415199A8}.Debug|Any CPU.ActiveCfg = Debug|Any CPU
		{593F59D9-6766-33FF-D80A-48CA415199A8}.Debug|Any CPU.Build.0 = Debug|Any CPU
		{593F59D9-6766-33FF-D80A-48CA415199A8}.Release|Any CPU.ActiveCfg = Release|Any CPU
		{593F59D9-6766-33FF-D80A-48CA415199A8}.Release|Any CPU.Build.0 = Release|Any CPU
		{3786A88F-906E-EE42-11EB-08B77E2D3C1F}.Debug|Any CPU.ActiveCfg = Debug|Any CPU
		{3786A88F-906E-EE42-11EB-08B77E2D3C1F}.Debug|Any CPU.Build.0 = Debug|Any CPU
		{3786A88F-906E-EE42-11EB-08B77E2D3C1F}.Release|Any CPU.ActiveCfg = Release|Any CPU
		{3786A88F-906E-EE42-11EB-08B77E2D3C1F}.Release|Any CPU.Build.0 = Release|Any CPU
	EndGlobalSection
	GlobalSection(SolutionProperties) = preSolution
		HideSolutionNode = FALSE
	EndGlobalSection
	GlobalSection(MonoDevelopProperties) = preSolution
		StartupItem = Assembly-CSharp.csproj
	EndGlobalSection
EndGlobal
